
Microsoft Visual Studio Solution File, Format Version 12.00
# Visual Studio 15
VisualStudioVersion = 15.0.28307.572
MinimumVisualStudioVersion = 10.0.40219.1
Project("{FAE04EC0-301F-11D3-BF4B-00C04F79EFBC}") = "InterfaceExample", "InterfaceExample\InterfaceExample.csproj", "{41696491-0C9F-47C7-BEA1-A99EAF5CE587}"
EndProject
Global
	GlobalSection(SolutionConfigurationPlatforms) = preSolution
		Debug|Any CPU = Debug|Any CPU
		Release|Any CPU = Release|Any CPU
	EndGlobalSection
	GlobalSection(ProjectConfigurationPlatforms) = postSolution
		{41696491-0C9F-47C7-BEA1-A99EAF5CE587}.Debug|Any CPU.ActiveCfg = Debug|Any CPU
		{41696491-0C9F-47C7-BEA1-A99EAF5CE587}.Debug|Any CPU.Build.0 = Debug|Any CPU
		{41696491-0C9F-47C7-BEA1-A99EAF5CE587}.Release|Any CPU.ActiveCfg = Release|Any CPU
		{41696491-0C9F-47C7-BEA1-A99EAF5CE587}.Release|Any CPU.Build.0 = Release|Any CPU
	EndGlobalSection
	GlobalSection(SolutionProperties) = preSolution
		HideSolutionNode = FALSE
	EndGlobalSection
	GlobalSection(ExtensibilityGlobals) = postSolution
		SolutionGuid = {2610C67E-DC1B-477E-95DB-6E5EDA30B871}
	EndGlobalSection
EndGlobal
